
Microsoft Visual Studio Solution File, Format Version 12.00
# Visual Studio Version 16
VisualStudioVersion = 16.0.30011.22
MinimumVisualStudioVersion = 10.0.40219.1
Project("{9A19103F-16F7-4668-BE54-9A1E7A4F7556}") = "SingleInharitance", "BasicInharitance\SingleInharitance.csproj", "{7D17D357-9EB5-4A8A-AC6E-22D07AFB4BCD}"
EndProject
Project("{9A19103F-16F7-4668-BE54-9A1E7A4F7556}") = "MultipleInharitance", "MultipleInharitance\MultipleInharitance.csproj", "{719AEFAC-FDE0-4A85-B7E4-0EF2AF30AD29}"
EndProject
Project("{FAE04EC0-301F-11D3-BF4B-00C04F79EFBC}") = "HierachicalInharitance", "HierachicalInharitance\HierachicalInharitance.csproj", "{34A39613-23F9-4AD5-AAD5-60B9E9C7DD53}"
EndProject
Project("{FAE04EC0-301F-11D3-BF4B-00C04F79EFBC}") = "RandomList", "RandomList\RandomList.csproj", "{BF872DF5-CF8C-473C-A58A-45AC14F12A82}"
EndProject
Project("{FAE04EC0-301F-11D3-BF4B-00C04F79EFBC}") = "StackOfString", "StackOfString\StackOfString.csproj", "{768497B1-018A-454F-9F8E-F76E626CEDCC}"
EndProject
Global
	GlobalSection(SolutionConfigurationPlatforms) = preSolution
		Debug|Any CPU = Debug|Any CPU
		Release|Any CPU = Release|Any CPU
	EndGlobalSection
	GlobalSection(ProjectConfigurationPlatforms) = postSolution
		{7D17D357-9EB5-4A8A-AC6E-22D07AFB4BCD}.Debug|Any CPU.ActiveCfg = Debug|Any CPU
		{7D17D357-9EB5-4A8A-AC6E-22D07AFB4BCD}.Debug|Any CPU.Build.0 = Debug|Any CPU
		{7D17D357-9EB5-4A8A-AC6E-22D07AFB4BCD}.Release|Any CPU.ActiveCfg = Release|Any CPU
		{7D17D357-9EB5-4A8A-AC6E-22D07AFB4BCD}.Release|Any CPU.Build.0 = Release|Any CPU
		{719AEFAC-FDE0-4A85-B7E4-0EF2AF30AD29}.Debug|Any CPU.ActiveCfg = Debug|Any CPU
		{719AEFAC-FDE0-4A85-B7E4-0EF2AF30AD29}.Debug|Any CPU.Build.0 = Debug|Any CPU
		{719AEFAC-FDE0-4A85-B7E4-0EF2AF30AD29}.Release|Any CPU.ActiveCfg = Release|Any CPU
		{719AEFAC-FDE0-4A85-B7E4-0EF2AF30AD29}.Release|Any CPU.Build.0 = Release|Any CPU
		{34A39613-23F9-4AD5-AAD5-60B9E9C7DD53}.Debug|Any CPU.ActiveCfg = Debug|Any CPU
		{34A39613-23F9-4AD5-AAD5-60B9E9C7DD53}.Debug|Any CPU.Build.0 = Debug|Any CPU
		{34A39613-23F9-4AD5-AAD5-60B9E9C7DD53}.Release|Any CPU.ActiveCfg = Release|Any CPU
		{34A39613-23F9-4AD5-AAD5-60B9E9C7DD53}.Release|Any CPU.Build.0 = Release|Any CPU
		{BF872DF5-CF8C-473C-A58A-45AC14F12A82}.Debug|Any CPU.ActiveCfg = Debug|Any CPU
		{BF872DF5-CF8C-473C-A58A-45AC14F12A82}.Debug|Any CPU.Build.0 = Debug|Any CPU
		{BF872DF5-CF8C-473C-A58A-45AC14F12A82}.Release|Any CPU.ActiveCfg = Release|Any CPU
		{BF872DF5-CF8C-473C-A58A-45AC14F12A82}.Release|Any CPU.Build.0 = Release|Any CPU
		{768497B1-018A-454F-9F8E-F76E626CEDCC}.Debug|Any CPU.ActiveCfg = Debug|Any CPU
		{768497B1-018A-454F-9F8E-F76E626CEDCC}.Debug|Any CPU.Build.0 = Debug|Any CPU
		{768497B1-018A-454F-9F8E-F76E626CEDCC}.Release|Any CPU.ActiveCfg = Release|Any CPU
		{768497B1-018A-454F-9F8E-F76E626CEDCC}.Release|Any CPU.Build.0 = Release|Any CPU
	EndGlobalSection
	GlobalSection(SolutionProperties) = preSolution
		HideSolutionNode = FALSE
	EndGlobalSection
	GlobalSection(ExtensibilityGlobals) = postSolution
		SolutionGuid = {C7EDAECE-E1F2-45B5-84FA-69A28DC9DAE9}
	EndGlobalSection
EndGlobal
